
Microsoft Visual Studio Solution File, Format Version 12.00
# Visual Studio Version 17
VisualStudioVersion = 17.6.33815.320
MinimumVisualStudioVersion = 10.0.40219.1
Project("{9A19103F-16F7-4668-BE54-9A1E7A4F7556}") = "TalkingFlowerRepacker", "TalkingFlowerRepacker.csproj", "{71AA24D6-D16C-4432-8BDC-D996C7C7CCB8}"
EndProject
Project("{9A19103F-16F7-4668-BE54-9A1E7A4F7556}") = "RstbLibrary", "..\RstbLibrary\src\RstbLibrary.csproj", "{455D8631-D945-4587-A1B2-D2639EC9DB18}"
EndProject
Global
	GlobalSection(SolutionConfigurationPlatforms) = preSolution
		Debug|Any CPU = Debug|Any CPU
		Release|Any CPU = Release|Any CPU
	EndGlobalSection
	GlobalSection(ProjectConfigurationPlatforms) = postSolution
		{71AA24D6-D16C-4432-8BDC-D996C7C7CCB8}.Debug|Any CPU.ActiveCfg = Debug|Any CPU
		{71AA24D6-D16C-4432-8BDC-D996C7C7CCB8}.Debug|Any CPU.Build.0 = Debug|Any CPU
		{71AA24D6-D16C-4432-8BDC-D996C7C7CCB8}.Release|Any CPU.ActiveCfg = Release|Any CPU
		{71AA24D6-D16C-4432-8BDC-D996C7C7CCB8}.Release|Any CPU.Build.0 = Release|Any CPU
		{455D8631-D945-4587-A1B2-D2639EC9DB18}.Debug|Any CPU.ActiveCfg = Debug|Any CPU
		{455D8631-D945-4587-A1B2-D2639EC9DB18}.Debug|Any CPU.Build.0 = Debug|Any CPU
		{455D8631-D945-4587-A1B2-D2639EC9DB18}.Release|Any CPU.ActiveCfg = Release|Any CPU
		{455D8631-D945-4587-A1B2-D2639EC9DB18}.Release|Any CPU.Build.0 = Release|Any CPU
	EndGlobalSection
	GlobalSection(SolutionProperties) = preSolution
		HideSolutionNode = FALSE
	EndGlobalSection
	GlobalSection(ExtensibilityGlobals) = postSolution
		SolutionGuid = {D713585D-7471-4B07-BFE7-606CB716EC15}
	EndGlobalSection
EndGlobal
